
Microsoft Visual Studio Solution File, Format Version 12.00
# Visual Studio 14
VisualStudioVersion = 14.0.25420.1
MinimumVisualStudioVersion = 10.0.40219.1
Project("{FAE04EC0-301F-11D3-BF4B-00C04F79EFBC}") = "Nager.TextValidation", "Nager.TextValidation\Nager.TextValidation.csproj", "{80C867D8-9628-4F55-8FB3-3FE54BF1C98E}"
EndProject
Project("{FAE04EC0-301F-11D3-BF4B-00C04F79EFBC}") = "Nager.TextValidation.TestConsole", "Nager.TextValidation.TestConsole\Nager.TextValidation.TestConsole.csproj", "{7BB0FDBD-2BE9-443E-B7AF-E30D67A8D022}"
EndProject
Global
	GlobalSection(SolutionConfigurationPlatforms) = preSolution
		Debug|Any CPU = Debug|Any CPU
		Release|Any CPU = Release|Any CPU
	EndGlobalSection
	GlobalSection(ProjectConfigurationPlatforms) = postSolution
		{80C867D8-9628-4F55-8FB3-3FE54BF1C98E}.Debug|Any CPU.ActiveCfg = Debug|Any CPU
		{80C867D8-9628-4F55-8FB3-3FE54BF1C98E}.Debug|Any CPU.Build.0 = Debug|Any CPU
		{80C867D8-9628-4F55-8FB3-3FE54BF1C98E}.Release|Any CPU.ActiveCfg = Release|Any CPU
		{80C867D8-9628-4F55-8FB3-3FE54BF1C98E}.Release|Any CPU.Build.0 = Release|Any CPU
		{7BB0FDBD-2BE9-443E-B7AF-E30D67A8D022}.Debug|Any CPU.ActiveCfg = Debug|Any CPU
		{7BB0FDBD-2BE9-443E-B7AF-E30D67A8D022}.Debug|Any CPU.Build.0 = Debug|Any CPU
		{7BB0FDBD-2BE9-443E-B7AF-E30D67A8D022}.Release|Any CPU.ActiveCfg = Release|Any CPU
		{7BB0FDBD-2BE9-443E-B7AF-E30D67A8D022}.Release|Any CPU.Build.0 = Release|Any CPU
	EndGlobalSection
	GlobalSection(SolutionProperties) = preSolution
		HideSolutionNode = FALSE
	EndGlobalSection
EndGlobal
