
Microsoft Visual Studio Solution File, Format Version 12.00
# Visual Studio Version 16
VisualStudioVersion = 16.0.31702.278
MinimumVisualStudioVersion = 10.0.40219.1
Project("{9A19103F-16F7-4668-BE54-9A1E7A4F7556}") = "Nager.TextValidation", "Nager.TextValidation\Nager.TextValidation.csproj", "{80C867D8-9628-4F55-8FB3-3FE54BF1C98E}"
EndProject
Project("{9A19103F-16F7-4668-BE54-9A1E7A4F7556}") = "Nager.TextValidation.TestConsole", "Nager.TextValidation.TestConsole\Nager.TextValidation.TestConsole.csproj", "{7BB0FDBD-2BE9-443E-B7AF-E30D67A8D022}"
EndProject
Project("{9A19103F-16F7-4668-BE54-9A1E7A4F7556}") = "Nager.TextValidation.DrawKeyboard", "Nager.TextValidation.DrawKeyboard\Nager.TextValidation.DrawKeyboard.csproj", "{0FDC0845-885B-4925-89C3-F5BED0D2EFDD}"
	ProjectSection(ProjectDependencies) = postProject
		{80C867D8-9628-4F55-8FB3-3FE54BF1C98E} = {80C867D8-9628-4F55-8FB3-3FE54BF1C98E}
	EndProjectSection
EndProject
Global
	GlobalSection(SolutionConfigurationPlatforms) = preSolution
		Debug|Any CPU = Debug|Any CPU
		Release|Any CPU = Release|Any CPU
	EndGlobalSection
	GlobalSection(ProjectConfigurationPlatforms) = postSolution
		{80C867D8-9628-4F55-8FB3-3FE54BF1C98E}.Debug|Any CPU.ActiveCfg = Debug|Any CPU
		{80C867D8-9628-4F55-8FB3-3FE54BF1C98E}.Debug|Any CPU.Build.0 = Debug|Any CPU
		{80C867D8-9628-4F55-8FB3-3FE54BF1C98E}.Release|Any CPU.ActiveCfg = Release|Any CPU
		{80C867D8-9628-4F55-8FB3-3FE54BF1C98E}.Release|Any CPU.Build.0 = Release|Any CPU
		{7BB0FDBD-2BE9-443E-B7AF-E30D67A8D022}.Debug|Any CPU.ActiveCfg = Debug|Any CPU
		{7BB0FDBD-2BE9-443E-B7AF-E30D67A8D022}.Debug|Any CPU.Build.0 = Debug|Any CPU
		{7BB0FDBD-2BE9-443E-B7AF-E30D67A8D022}.Release|Any CPU.ActiveCfg = Release|Any CPU
		{7BB0FDBD-2BE9-443E-B7AF-E30D67A8D022}.Release|Any CPU.Build.0 = Release|Any CPU
		{0FDC0845-885B-4925-89C3-F5BED0D2EFDD}.Debug|Any CPU.ActiveCfg = Debug|Any CPU
		{0FDC0845-885B-4925-89C3-F5BED0D2EFDD}.Debug|Any CPU.Build.0 = Debug|Any CPU
		{0FDC0845-885B-4925-89C3-F5BED0D2EFDD}.Release|Any CPU.ActiveCfg = Release|Any CPU
		{0FDC0845-885B-4925-89C3-F5BED0D2EFDD}.Release|Any CPU.Build.0 = Release|Any CPU
	EndGlobalSection
	GlobalSection(SolutionProperties) = preSolution
		HideSolutionNode = FALSE
	EndGlobalSection
	GlobalSection(ExtensibilityGlobals) = postSolution
		SolutionGuid = {07654669-E5CB-46AE-BFEE-6BA474335C91}
	EndGlobalSection
EndGlobal
